
Microsoft Visual Studio Solution File, Format Version 12.00
# Visual Studio Version 17
VisualStudioVersion = 17.6.33815.320
MinimumVisualStudioVersion = 10.0.40219.1
Project("{FAE04EC0-301F-11D3-BF4B-00C04F79EFBC}") = "PracticeProject_Section2", "PracticeProject_Section2\PracticeProject_Section2.csproj", "{25FF451A-9796-4AB2-ACF4-6F1D92F7CE7F}"
EndProject
Project("{FAE04EC0-301F-11D3-BF4B-00C04F79EFBC}") = "PracticeProject1_sec", "PracticeProject1_sec\PracticeProject1_sec.csproj", "{97C88807-2CCC-4BA5-8573-9567C8E6ACFC}"
EndProject
Global
	GlobalSection(SolutionConfigurationPlatforms) = preSolution
		Debug|Any CPU = Debug|Any CPU
		Release|Any CPU = Release|Any CPU
	EndGlobalSection
	GlobalSection(ProjectConfigurationPlatforms) = postSolution
		{25FF451A-9796-4AB2-ACF4-6F1D92F7CE7F}.Debug|Any CPU.ActiveCfg = Debug|Any CPU
		{25FF451A-9796-4AB2-ACF4-6F1D92F7CE7F}.Debug|Any CPU.Build.0 = Debug|Any CPU
		{25FF451A-9796-4AB2-ACF4-6F1D92F7CE7F}.Release|Any CPU.ActiveCfg = Release|Any CPU
		{25FF451A-9796-4AB2-ACF4-6F1D92F7CE7F}.Release|Any CPU.Build.0 = Release|Any CPU
		{97C88807-2CCC-4BA5-8573-9567C8E6ACFC}.Debug|Any CPU.ActiveCfg = Debug|Any CPU
		{97C88807-2CCC-4BA5-8573-9567C8E6ACFC}.Debug|Any CPU.Build.0 = Debug|Any CPU
		{97C88807-2CCC-4BA5-8573-9567C8E6ACFC}.Release|Any CPU.ActiveCfg = Release|Any CPU
		{97C88807-2CCC-4BA5-8573-9567C8E6ACFC}.Release|Any CPU.Build.0 = Release|Any CPU
	EndGlobalSection
	GlobalSection(SolutionProperties) = preSolution
		HideSolutionNode = FALSE
	EndGlobalSection
	GlobalSection(ExtensibilityGlobals) = postSolution
		SolutionGuid = {32DAD3B0-A25E-4772-ADD1-62A16536670E}
	EndGlobalSection
EndGlobal
